// !$*UTF8*$!
{
	archiveVersion = 1;
	classes = {
	};
	objectVersion = 46;
	objects = {

/* Begin PBXBuildFile section */
		B60997291EE0F59A00586DAA /* PageContentView.swift in Sources */ = {isa = PBXBuildFile; fileRef = B60997281EE0F59A00586DAA /* PageContentView.swift */; };
		B609972B1EE0FABF00586DAA /* UIColor+Extension.swift in Sources */ = {isa = PBXBuildFile; fileRef = B609972A1EE0FABF00586DAA /* UIColor+Extension.swift */; };
		B69CFACB1E8171680038C078 /* AppDelegate.swift in Sources */ = {isa = PBXBuildFile; fileRef = B69CFACA1E8171680038C078 /* AppDelegate.swift */; };
		B69CFAD01E8171680038C078 /* Main.storyboard in Resources */ = {isa = PBXBuildFile; fileRef = B69CFACE1E8171680038C078 /* Main.storyboard */; };
		B69CFAD21E8171680038C078 /* Assets.xcassets in Resources */ = {isa = PBXBuildFile; fileRef = B69CFAD11E8171680038C078 /* Assets.xcassets */; };
		B69CFAD51E8171680038C078 /* LaunchScreen.storyboard in Resources */ = {isa = PBXBuildFile; fileRef = B69CFAD31E8171680038C078 /* LaunchScreen.storyboard */; };
		B69CFAE01E8171680038C078 /* DouYuZBUITests.swift in Sources */ = {isa = PBXBuildFile; fileRef = B69CFADF1E8171680038C078 /* DouYuZBUITests.swift */; };
		B6EE25A51EDFD6AF001CB47B /* Home.storyboard in Resources */ = {isa = PBXBuildFile; fileRef = B6EE25A31EDFD6AF001CB47B /* Home.storyboard */; };
		B6EE25A71EDFD74B001CB47B /* Live.storyboard in Resources */ = {isa = PBXBuildFile; fileRef = B6EE25A61EDFD74B001CB47B /* Live.storyboard */; };
		B6EE25AA1EDFD776001CB47B /* Follow.storyboard in Resources */ = {isa = PBXBuildFile; fileRef = B6EE25A81EDFD776001CB47B /* Follow.storyboard */; };
		B6EE25AC1EDFD7A9001CB47B /* Profile.storyboard in Resources */ = {isa = PBXBuildFile; fileRef = B6EE25AB1EDFD7A9001CB47B /* Profile.storyboard */; };
		B6EE25B41EDFDA3B001CB47B /* MainViewController.swift in Sources */ = {isa = PBXBuildFile; fileRef = B6EE25B31EDFDA3B001CB47B /* MainViewController.swift */; };
		B6EE25C21EDFE177001CB47B /* HomeViewController.swift in Sources */ = {isa = PBXBuildFile; fileRef = B6EE25C11EDFE177001CB47B /* HomeViewController.swift */; };
		B6EE25C61EDFECBA001CB47B /* UIBarButtonItem-Extension.swift in Sources */ = {isa = PBXBuildFile; fileRef = B6EE25C51EDFECBA001CB47B /* UIBarButtonItem-Extension.swift */; };
		B6EE25CC1EDFF9DA001CB47B /* PageTitileView.swift in Sources */ = {isa = PBXBuildFile; fileRef = B6EE25CB1EDFF9DA001CB47B /* PageTitileView.swift */; };
		B6EE25CE1EDFFE2A001CB47B /* Common.swift in Sources */ = {isa = PBXBuildFile; fileRef = B6EE25CD1EDFFE2A001CB47B /* Common.swift */; };
/* End PBXBuildFile section */

/* Begin PBXContainerItemProxy section */
		B69CFADC1E8171680038C078 /* PBXContainerItemProxy */ = {
			isa = PBXContainerItemProxy;
			containerPortal = B69CFABF1E8171670038C078 /* Project object */;
			proxyType = 1;
			remoteGlobalIDString = B69CFAC61E8171670038C078;
			remoteInfo = DouYuZB;
		};
/* End PBXContainerItemProxy section */

/* Begin PBXFileReference section */
		B60997281EE0F59A00586DAA /* PageContentView.swift */ = {isa = PBXFileReference; fileEncoding = 4; lastKnownFileType = sourcecode.swift; path = PageContentView.swift; sourceTree = "<group>"; };
		B609972A1EE0FABF00586DAA /* UIColor+Extension.swift */ = {isa = PBXFileReference; fileEncoding = 4; lastKnownFileType = sourcecode.swift; path = "UIColor+Extension.swift"; sourceTree = "<group>"; };
		B69CFAC71E8171680038C078 /* DouYuZB.app */ = {isa = PBXFileReference; explicitFileType = wrapper.application; includeInIndex = 0; path = DouYuZB.app; sourceTree = BUILT_PRODUCTS_DIR; };
		B69CFACA1E8171680038C078 /* AppDelegate.swift */ = {isa = PBXFileReference; lastKnownFileType = sourcecode.swift; path = AppDelegate.swift; sourceTree = "<group>"; };
		B69CFACF1E8171680038C078 /* Base */ = {isa = PBXFileReference; lastKnownFileType = file.storyboard; name = Base; path = Base.lproj/Main.storyboard; sourceTree = "<group>"; };
		B69CFAD11E8171680038C078 /* Assets.xcassets */ = {isa = PBXFileReference; lastKnownFileType = folder.assetcatalog; path = Assets.xcassets; sourceTree = "<group>"; };
		B69CFAD41E8171680038C078 /* Base */ = {isa = PBXFileReference; lastKnownFileType = file.storyboard; name = Base; path = Base.lproj/LaunchScreen.storyboard; sourceTree = "<group>"; };
		B69CFAD61E8171680038C078 /* Info.plist */ = {isa = PBXFileReference; lastKnownFileType = text.plist.xml; path = Info.plist; sourceTree = "<group>"; };
		B69CFADB1E8171680038C078 /* DouYuZBUITests.xctest */ = {isa = PBXFileReference; explicitFileType = wrapper.cfbundle; includeInIndex = 0; path = DouYuZBUITests.xctest; sourceTree = BUILT_PRODUCTS_DIR; };
		B69CFADF1E8171680038C078 /* DouYuZBUITests.swift */ = {isa = PBXFileReference; lastKnownFileType = sourcecode.swift; path = DouYuZBUITests.swift; sourceTree = "<group>"; };
		B69CFAE11E8171680038C078 /* Info.plist */ = {isa = PBXFileReference; lastKnownFileType = text.plist.xml; path = Info.plist; sourceTree = "<group>"; };
		B6EE25A41EDFD6AF001CB47B /* Base */ = {isa = PBXFileReference; lastKnownFileType = file.storyboard; name = Base; path = Base.lproj/Home.storyboard; sourceTree = "<group>"; };
		B6EE25A61EDFD74B001CB47B /* Live.storyboard */ = {isa = PBXFileReference; fileEncoding = 4; lastKnownFileType = file.storyboard; path = Live.storyboard; sourceTree = "<group>"; };
		B6EE25A91EDFD776001CB47B /* Base */ = {isa = PBXFileReference; lastKnownFileType = file.storyboard; name = Base; path = Base.lproj/Follow.storyboard; sourceTree = "<group>"; };
		B6EE25AB1EDFD7A9001CB47B /* Profile.storyboard */ = {isa = PBXFileReference; fileEncoding = 4; lastKnownFileType = file.storyboard; path = Profile.storyboard; sourceTree = "<group>"; };
		B6EE25B31EDFDA3B001CB47B /* MainViewController.swift */ = {isa = PBXFileReference; fileEncoding = 4; lastKnownFileType = sourcecode.swift; name = MainViewController.swift; path = DouYuZB/MainViewController.swift; sourceTree = "<group>"; };
		B6EE25C11EDFE177001CB47B /* HomeViewController.swift */ = {isa = PBXFileReference; fileEncoding = 4; lastKnownFileType = sourcecode.swift; path = HomeViewController.swift; sourceTree = "<group>"; };
		B6EE25C51EDFECBA001CB47B /* UIBarButtonItem-Extension.swift */ = {isa = PBXFileReference; fileEncoding = 4; lastKnownFileType = sourcecode.swift; path = "UIBarButtonItem-Extension.swift"; sourceTree = "<group>"; };
		B6EE25CB1EDFF9DA001CB47B /* PageTitileView.swift */ = {isa = PBXFileReference; fileEncoding = 4; lastKnownFileType = sourcecode.swift; path = PageTitileView.swift; sourceTree = "<group>"; };
		B6EE25CD1EDFFE2A001CB47B /* Common.swift */ = {isa = PBXFileReference; fileEncoding = 4; lastKnownFileType = sourcecode.swift; path = Common.swift; sourceTree = "<group>"; };
/* End PBXFileReference section */

/* Begin PBXFrameworksBuildPhase section */
		B69CFAC41E8171670038C078 /* Frameworks */ = {
			isa = PBXFrameworksBuildPhase;
			buildActionMask = 2147483647;
			files = (
			);
			runOnlyForDeploymentPostprocessing = 0;
		};
		B69CFAD81E8171680038C078 /* Frameworks */ = {
			isa = PBXFrameworksBuildPhase;
			buildActionMask = 2147483647;
			files = (
			);
			runOnlyForDeploymentPostprocessing = 0;
		};
/* End PBXFrameworksBuildPhase section */

/* Begin PBXGroup section */
		B69CFABE1E8171670038C078 = {
			isa = PBXGroup;
			children = (
				B69CFAC91E8171680038C078 /* DouYuZB */,
				B69CFADE1E8171680038C078 /* DouYuZBUITests */,
				B69CFAC81E8171680038C078 /* Products */,
			);
			sourceTree = "<group>";
		};
		B69CFAC81E8171680038C078 /* Products */ = {
			isa = PBXGroup;
			children = (
				B69CFAC71E8171680038C078 /* DouYuZB.app */,
				B69CFADB1E8171680038C078 /* DouYuZBUITests.xctest */,
			);
			name = Products;
			sourceTree = "<group>";
		};
		B69CFAC91E8171680038C078 /* DouYuZB */ = {
			isa = PBXGroup;
			children = (
				B6EE25C71EDFF838001CB47B /* Main */,
				B6EE25AF1EDFD846001CB47B /* Home */,
				B6EE25AD1EDFD830001CB47B /* Live */,
				B6EE25AE1EDFD839001CB47B /* Follow */,
				B6EE25B01EDFD84D001CB47B /* Profile */,
				B6EE25C31EDFEC2C001CB47B /* Tools */,
				B69CFACA1E8171680038C078 /* AppDelegate.swift */,
				B69CFACE1E8171680038C078 /* Main.storyboard */,
				B69CFAD11E8171680038C078 /* Assets.xcassets */,
				B69CFAD31E8171680038C078 /* LaunchScreen.storyboard */,
				B69CFAD61E8171680038C078 /* Info.plist */,
			);
			path = DouYuZB;
			sourceTree = "<group>";
		};
		B69CFADE1E8171680038C078 /* DouYuZBUITests */ = {
			isa = PBXGroup;
			children = (
				B69CFADF1E8171680038C078 /* DouYuZBUITests.swift */,
				B69CFAE11E8171680038C078 /* Info.plist */,
			);
			path = DouYuZBUITests;
			sourceTree = "<group>";
		};
		B6EE25AD1EDFD830001CB47B /* Live */ = {
			isa = PBXGroup;
			children = (
				B6EE25B91EDFE0F4001CB47B /* Model */,
				B6EE25B81EDFE0EC001CB47B /* View */,
				B6EE25BA1EDFE101001CB47B /* Controller */,
				B6EE25A61EDFD74B001CB47B /* Live.storyboard */,
			);
			name = Live;
			sourceTree = "<group>";
		};
		B6EE25AE1EDFD839001CB47B /* Follow */ = {
			isa = PBXGroup;
			children = (
				B6EE25BD1EDFE12E001CB47B /* Model */,
				B6EE25BC1EDFE125001CB47B /* View */,
				B6EE25BB1EDFE11B001CB47B /* Controller */,
				B6EE25A81EDFD776001CB47B /* Follow.storyboard */,
			);
			name = Follow;
			sourceTree = "<group>";
		};
		B6EE25AF1EDFD846001CB47B /* Home */ = {
			isa = PBXGroup;
			children = (
				B6EE25B71EDFE08E001CB47B /* Model */,
				B6EE25B61EDFE082001CB47B /* View */,
				B6EE25B51EDFE055001CB47B /* Controller */,
				B6EE25A31EDFD6AF001CB47B /* Home.storyboard */,
			);
			name = Home;
			sourceTree = "<group>";
		};
		B6EE25B01EDFD84D001CB47B /* Profile */ = {
			isa = PBXGroup;
			children = (
				B6EE25C01EDFE14A001CB47B /* Model */,
				B6EE25BF1EDFE142001CB47B /* View */,
				B6EE25BE1EDFE13A001CB47B /* Controller */,
				B6EE25AB1EDFD7A9001CB47B /* Profile.storyboard */,
			);
			name = Profile;
			sourceTree = "<group>";
		};
		B6EE25B51EDFE055001CB47B /* Controller */ = {
			isa = PBXGroup;
			children = (
				B6EE25C11EDFE177001CB47B /* HomeViewController.swift */,
			);
			name = Controller;
			sourceTree = "<group>";
		};
		B6EE25B61EDFE082001CB47B /* View */ = {
			isa = PBXGroup;
			children = (
			);
			name = View;
			sourceTree = "<group>";
		};
		B6EE25B71EDFE08E001CB47B /* Model */ = {
			isa = PBXGroup;
			children = (
			);
			name = Model;
			sourceTree = "<group>";
		};
		B6EE25B81EDFE0EC001CB47B /* View */ = {
			isa = PBXGroup;
			children = (
			);
			name = View;
			sourceTree = "<group>";
		};
		B6EE25B91EDFE0F4001CB47B /* Model */ = {
			isa = PBXGroup;
			children = (
			);
			name = Model;
			sourceTree = "<group>";
		};
		B6EE25BA1EDFE101001CB47B /* Controller */ = {
			isa = PBXGroup;
			children = (
			);
			name = Controller;
			sourceTree = "<group>";
		};
		B6EE25BB1EDFE11B001CB47B /* Controller */ = {
			isa = PBXGroup;
			children = (
			);
			name = Controller;
			sourceTree = "<group>";
		};
		B6EE25BC1EDFE125001CB47B /* View */ = {
			isa = PBXGroup;
			children = (
			);
			name = View;
			sourceTree = "<group>";
		};
		B6EE25BD1EDFE12E001CB47B /* Model */ = {
			isa = PBXGroup;
			children = (
			);
			name = Model;
			sourceTree = "<group>";
		};
		B6EE25BE1EDFE13A001CB47B /* Controller */ = {
			isa = PBXGroup;
			children = (
			);
			name = Controller;
			sourceTree = "<group>";
		};
		B6EE25BF1EDFE142001CB47B /* View */ = {
			isa = PBXGroup;
			children = (
			);
			name = View;
			sourceTree = "<group>";
		};
		B6EE25C01EDFE14A001CB47B /* Model */ = {
			isa = PBXGroup;
			children = (
			);
			name = Model;
			sourceTree = "<group>";
		};
		B6EE25C31EDFEC2C001CB47B /* Tools */ = {
			isa = PBXGroup;
			children = (
				B6EE25C41EDFEC3E001CB47B /* Extension */,
				B6EE25CD1EDFFE2A001CB47B /* Common.swift */,
			);
			name = Tools;
			sourceTree = "<group>";
		};
		B6EE25C41EDFEC3E001CB47B /* Extension */ = {
			isa = PBXGroup;
			children = (
				B6EE25C51EDFECBA001CB47B /* UIBarButtonItem-Extension.swift */,
				B609972A1EE0FABF00586DAA /* UIColor+Extension.swift */,
			);
			name = Extension;
			sourceTree = "<group>";
		};
		B6EE25C71EDFF838001CB47B /* Main */ = {
			isa = PBXGroup;
			children = (
				B6EE25C91EDFF875001CB47B /* Model */,
				B6EE25C81EDFF85B001CB47B /* View */,
				B6EE25CA1EDFF87F001CB47B /* Controller */,
			);
			name = Main;
			path = ..;
			sourceTree = "<group>";
		};
		B6EE25C81EDFF85B001CB47B /* View */ = {
			isa = PBXGroup;
			children = (
				B6EE25CB1EDFF9DA001CB47B /* PageTitileView.swift */,
				B60997281EE0F59A00586DAA /* PageContentView.swift */,
			);
			name = View;
			sourceTree = "<group>";
		};
		B6EE25C91EDFF875001CB47B /* Model */ = {
			isa = PBXGroup;
			children = (
			);
			name = Model;
			sourceTree = "<group>";
		};
		B6EE25CA1EDFF87F001CB47B /* Controller */ = {
			isa = PBXGroup;
			children = (
				B6EE25B31EDFDA3B001CB47B /* MainViewController.swift */,
			);
			name = Controller;
			sourceTree = "<group>";
		};
/* End PBXGroup section */

/* Begin PBXNativeTarget section */
		B69CFAC61E8171670038C078 /* DouYuZB */ = {
			isa = PBXNativeTarget;
			buildConfigurationList = B69CFAE41E8171680038C078 /* Build configuration list for PBXNativeTarget "DouYuZB" */;
			buildPhases = (
				B69CFAC31E8171670038C078 /* Sources */,
				B69CFAC41E8171670038C078 /* Frameworks */,
				B69CFAC51E8171670038C078 /* Resources */,
			);
			buildRules = (
			);
			dependencies = (
			);
			name = DouYuZB;
			productName = DouYuZB;
			productReference = B69CFAC71E8171680038C078 /* DouYuZB.app */;
			productType = "com.apple.product-type.application";
		};
		B69CFADA1E8171680038C078 /* DouYuZBUITests */ = {
			isa = PBXNativeTarget;
			buildConfigurationList = B69CFAE71E8171680038C078 /* Build configuration list for PBXNativeTarget "DouYuZBUITests" */;
			buildPhases = (
				B69CFAD71E8171680038C078 /* Sources */,
				B69CFAD81E8171680038C078 /* Frameworks */,
				B69CFAD91E8171680038C078 /* Resources */,
			);
			buildRules = (
			);
			dependencies = (
				B69CFADD1E8171680038C078 /* PBXTargetDependency */,
			);
			name = DouYuZBUITests;
			productName = DouYuZBUITests;
			productReference = B69CFADB1E8171680038C078 /* DouYuZBUITests.xctest */;
			productType = "com.apple.product-type.bundle.ui-testing";
		};
/* End PBXNativeTarget section */

/* Begin PBXProject section */
		B69CFABF1E8171670038C078 /* Project object */ = {
			isa = PBXProject;
			attributes = {
				LastSwiftUpdateCheck = 0820;
				LastUpgradeCheck = 0820;
				ORGANIZATIONNAME = zuokai;
				TargetAttributes = {
					B69CFAC61E8171670038C078 = {
						CreatedOnToolsVersion = 8.2.1;
						DevelopmentTeam = X65P9F9QZD;
						ProvisioningStyle = Automatic;
					};
					B69CFADA1E8171680038C078 = {
						CreatedOnToolsVersion = 8.2.1;
						DevelopmentTeam = X65P9F9QZD;
						ProvisioningStyle = Automatic;
						TestTargetID = B69CFAC61E8171670038C078;
					};
				};
			};
			buildConfigurationList = B69CFAC21E8171670038C078 /* Build configuration list for PBXProject "DouYuZB" */;
			compatibilityVersion = "Xcode 3.2";
			developmentRegion = English;
			hasScannedForEncodings = 0;
			knownRegions = (
				en,
				Base,
			);
			mainGroup = B69CFABE1E8171670038C078;
			productRefGroup = B69CFAC81E8171680038C078 /* Products */;
			projectDirPath = "";
			projectRoot = "";
			targets = (
				B69CFAC61E8171670038C078 /* DouYuZB */,
				B69CFADA1E8171680038C078 /* DouYuZBUITests */,
			);
		};
/* End PBXProject section */

/* Begin PBXResourcesBuildPhase section */
		B69CFAC51E8171670038C078 /* Resources */ = {
			isa = PBXResourcesBuildPhase;
			buildActionMask = 2147483647;
			files = (
				B69CFAD51E8171680038C078 /* LaunchScreen.storyboard in Resources */,
				B69CFAD21E8171680038C078 /* Assets.xcassets in Resources */,
				B69CFAD01E8171680038C078 /* Main.storyboard in Resources */,
				B6EE25A71EDFD74B001CB47B /* Live.storyboard in Resources */,
				B6EE25A51EDFD6AF001CB47B /* Home.storyboard in Resources */,
				B6EE25AC1EDFD7A9001CB47B /* Profile.storyboard in Resources */,
				B6EE25AA1EDFD776001CB47B /* Follow.storyboard in Resources */,
			);
			runOnlyForDeploymentPostprocessing = 0;
		};
		B69CFAD91E8171680038C078 /* Resources */ = {
			isa = PBXResourcesBuildPhase;
			buildActionMask = 2147483647;
			files = (
			);
			runOnlyForDeploymentPostprocessing = 0;
		};
/* End PBXResourcesBuildPhase section */

/* Begin PBXSourcesBuildPhase section */
		B69CFAC31E8171670038C078 /* Sources */ = {
			isa = PBXSourcesBuildPhase;
			buildActionMask = 2147483647;
			files = (
				B6EE25CC1EDFF9DA001CB47B /* PageTitileView.swift in Sources */,
				B69CFACB1E8171680038C078 /* AppDelegate.swift in Sources */,
				B6EE25B41EDFDA3B001CB47B /* MainViewController.swift in Sources */,
				B60997291EE0F59A00586DAA /* PageContentView.swift in Sources */,
				B6EE25C61EDFECBA001CB47B /* UIBarButtonItem-Extension.swift in Sources */,
				B6EE25CE1EDFFE2A001CB47B /* Common.swift in Sources */,
				B6EE25C21EDFE177001CB47B /* HomeViewController.swift in Sources */,
				B609972B1EE0FABF00586DAA /* UIColor+Extension.swift in Sources */,
			);
			runOnlyForDeploymentPostprocessing = 0;
		};
		B69CFAD71E8171680038C078 /* Sources */ = {
			isa = PBXSourcesBuildPhase;
			buildActionMask = 2147483647;
			files = (
				B69CFAE01E8171680038C078 /* DouYuZBUITests.swift in Sources */,
			);
			runOnlyForDeploymentPostprocessing = 0;
		};
/* End PBXSourcesBuildPhase section */

/* Begin PBXTargetDependency section */
		B69CFADD1E8171680038C078 /* PBXTargetDependency */ = {
			isa = PBXTargetDependency;
			target = B69CFAC61E8171670038C078 /* DouYuZB */;
			targetProxy = B69CFADC1E8171680038C078 /* PBXContainerItemProxy */;
		};
/* End PBXTargetDependency section */

/* Begin PBXVariantGroup section */
		B69CFACE1E8171680038C078 /* Main.storyboard */ = {
			isa = PBXVariantGroup;
			children = (
				B69CFACF1E8171680038C078 /* Base */,
			);
			name = Main.storyboard;
			sourceTree = "<group>";
		};
		B69CFAD31E8171680038C078 /* LaunchScreen.storyboard */ = {
			isa = PBXVariantGroup;
			children = (
				B69CFAD41E8171680038C078 /* Base */,
			);
			name = LaunchScreen.storyboard;
			sourceTree = "<group>";
		};
		B6EE25A31EDFD6AF001CB47B /* Home.storyboard */ = {
			isa = PBXVariantGroup;
			children = (
				B6EE25A41EDFD6AF001CB47B /* Base */,
			);
			name = Home.storyboard;
			sourceTree = "<group>";
		};
		B6EE25A81EDFD776001CB47B /* Follow.storyboard */ = {
			isa = PBXVariantGroup;
			children = (
				B6EE25A91EDFD776001CB47B /* Base */,
			);
			name = Follow.storyboard;
			sourceTree = "<group>";
		};
/* End PBXVariantGroup section */

/* Begin XCBuildConfiguration section */
		B69CFAE21E8171680038C078 /* Debug */ = {
			isa = XCBuildConfiguration;
			buildSettings = {
				ALWAYS_SEARCH_USER_PATHS = NO;
				CLANG_ANALYZER_NONNULL = YES;
				CLANG_CXX_LANGUAGE_STANDARD = "gnu++0x";
				CLANG_CXX_LIBRARY = "libc++";
				CLANG_ENABLE_MODULES = YES;
				CLANG_ENABLE_OBJC_ARC = YES;
				CLANG_WARN_BOOL_CONVERSION = YES;
				CLANG_WARN_CONSTANT_CONVERSION = YES;
				CLANG_WARN_DIRECT_OBJC_ISA_USAGE = YES_ERROR;
				CLANG_WARN_DOCUMENTATION_COMMENTS = YES;
				CLANG_WARN_EMPTY_BODY = YES;
				CLANG_WARN_ENUM_CONVERSION = YES;
				CLANG_WARN_INFINITE_RECURSION = YES;
				CLANG_WARN_INT_CONVERSION = YES;
				CLANG_WARN_OBJC_ROOT_CLASS = YES_ERROR;
				CLANG_WARN_SUSPICIOUS_MOVE = YES;
				CLANG_WARN_UNREACHABLE_CODE = YES;
				CLANG_WARN__DUPLICATE_METHOD_MATCH = YES;
				"CODE_SIGN_IDENTITY[sdk=iphoneos*]" = "iPhone Developer";
				COPY_PHASE_STRIP = NO;
				DEBUG_INFORMATION_FORMAT = dwarf;
				ENABLE_STRICT_OBJC_MSGSEND = YES;
				ENABLE_TESTABILITY = YES;
				GCC_C_LANGUAGE_STANDARD = gnu99;
				GCC_DYNAMIC_NO_PIC = NO;
				GCC_NO_COMMON_BLOCKS = YES;
				GCC_OPTIMIZATION_LEVEL = 0;
				GCC_PREPROCESSOR_DEFINITIONS = (
					"DEBUG=1",
					"$(inherited)",
				);
				GCC_WARN_64_TO_32_BIT_CONVERSION = YES;
				GCC_WARN_ABOUT_RETURN_TYPE = YES_ERROR;
				GCC_WARN_UNDECLARED_SELECTOR = YES;
				GCC_WARN_UNINITIALIZED_AUTOS = YES_AGGRESSIVE;
				GCC_WARN_UNUSED_FUNCTION = YES;
				GCC_WARN_UNUSED_VARIABLE = YES;
				IPHONEOS_DEPLOYMENT_TARGET = 10.2;
				MTL_ENABLE_DEBUG_INFO = YES;
				ONLY_ACTIVE_ARCH = YES;
				SDKROOT = iphoneos;
				SWIFT_ACTIVE_COMPILATION_CONDITIONS = DEBUG;
				SWIFT_OPTIMIZATION_LEVEL = "-Onone";
			};
			name = Debug;
		};
		B69CFAE31E8171680038C078 /* Release */ = {
			isa = XCBuildConfiguration;
			buildSettings = {
				ALWAYS_SEARCH_USER_PATHS = NO;
				CLANG_ANALYZER_NONNULL = YES;
				CLANG_CXX_LANGUAGE_STANDARD = "gnu++0x";
				CLANG_CXX_LIBRARY = "libc++";
				CLANG_ENABLE_MODULES = YES;
				CLANG_ENABLE_OBJC_ARC = YES;
				CLANG_WARN_BOOL_CONVERSION = YES;
				CLANG_WARN_CONSTANT_CONVERSION = YES;
				CLANG_WARN_DIRECT_OBJC_ISA_USAGE = YES_ERROR;
				CLANG_WARN_DOCUMENTATION_COMMENTS = YES;
				CLANG_WARN_EMPTY_BODY = YES;
				CLANG_WARN_ENUM_CONVERSION = YES;
				CLANG_WARN_INFINITE_RECURSION = YES;
				CLANG_WARN_INT_CONVERSION = YES;
				CLANG_WARN_OBJC_ROOT_CLASS = YES_ERROR;
				CLANG_WARN_SUSPICIOUS_MOVE = YES;
				CLANG_WARN_UNREACHABLE_CODE = YES;
				CLANG_WARN__DUPLICATE_METHOD_MATCH = YES;
				"CODE_SIGN_IDENTITY[sdk=iphoneos*]" = "iPhone Developer";
				COPY_PHASE_STRIP = NO;
				DEBUG_INFORMATION_FORMAT = "dwarf-with-dsym";
				ENABLE_NS_ASSERTIONS = NO;
				ENABLE_STRICT_OBJC_MSGSEND = YES;
				GCC_C_LANGUAGE_STANDARD = gnu99;
				GCC_NO_COMMON_BLOCKS = YES;
				GCC_WARN_64_TO_32_BIT_CONVERSION = YES;
				GCC_WARN_ABOUT_RETURN_TYPE = YES_ERROR;
				GCC_WARN_UNDECLARED_SELECTOR = YES;
				GCC_WARN_UNINITIALIZED_AUTOS = YES_AGGRESSIVE;
				GCC_WARN_UNUSED_FUNCTION = YES;
				GCC_WARN_UNUSED_VARIABLE = YES;
				IPHONEOS_DEPLOYMENT_TARGET = 10.2;
				MTL_ENABLE_DEBUG_INFO = NO;
				SDKROOT = iphoneos;
				SWIFT_OPTIMIZATION_LEVEL = "-Owholemodule";
				VALIDATE_PRODUCT = YES;
			};
			name = Release;
		};
		B69CFAE51E8171680038C078 /* Debug */ = {
			isa = XCBuildConfiguration;
			buildSettings = {
				ASSETCATALOG_COMPILER_APPICON_NAME = AppIcon;
				ASSETCATALOG_COMPILER_LAUNCHIMAGE_NAME = LaunchImage;
				DEVELOPMENT_TEAM = X65P9F9QZD;
				INFOPLIST_FILE = DouYuZB/Info.plist;
				IPHONEOS_DEPLOYMENT_TARGET = 8.0;
				LD_RUNPATH_SEARCH_PATHS = "$(inherited) @executable_path/Frameworks";
				PRODUCT_BUNDLE_IDENTIFIER = com.zoukai.DouYuZB;
				PRODUCT_NAME = "$(TARGET_NAME)";
				SWIFT_VERSION = 3.0;
			};
			name = Debug;
		};
		B69CFAE61E8171680038C078 /* Release */ = {
			isa = XCBuildConfiguration;
			buildSettings = {
				ASSETCATALOG_COMPILER_APPICON_NAME = AppIcon;
				ASSETCATALOG_COMPILER_LAUNCHIMAGE_NAME = LaunchImage;
				DEVELOPMENT_TEAM = X65P9F9QZD;
				INFOPLIST_FILE = DouYuZB/Info.plist;
				IPHONEOS_DEPLOYMENT_TARGET = 8.0;
				LD_RUNPATH_SEARCH_PATHS = "$(inherited) @executable_path/Frameworks";
				PRODUCT_BUNDLE_IDENTIFIER = com.zoukai.DouYuZB;
				PRODUCT_NAME = "$(TARGET_NAME)";
				SWIFT_VERSION = 3.0;
			};
			name = Release;
		};
		B69CFAE81E8171680038C078 /* Debug */ = {
			isa = XCBuildConfiguration;
			buildSettings = {
				ALWAYS_EMBED_SWIFT_STANDARD_LIBRARIES = YES;
				DEVELOPMENT_TEAM = X65P9F9QZD;
				INFOPLIST_FILE = DouYuZBUITests/Info.plist;
				LD_RUNPATH_SEARCH_PATHS = "$(inherited) @executable_path/Frameworks @loader_path/Frameworks";
				PRODUCT_BUNDLE_IDENTIFIER = com.zoukai.DouYuZBUITests;
				PRODUCT_NAME = "$(TARGET_NAME)";
				SWIFT_VERSION = 3.0;
				TEST_TARGET_NAME = DouYuZB;
			};
			name = Debug;
		};
		B69CFAE91E8171680038C078 /* Release */ = {
			isa = XCBuildConfiguration;
			buildSettings = {
				ALWAYS_EMBED_SWIFT_STANDARD_LIBRARIES = YES;
				DEVELOPMENT_TEAM = X65P9F9QZD;
				INFOPLIST_FILE = DouYuZBUITests/Info.plist;
				LD_RUNPATH_SEARCH_PATHS = "$(inherited) @executable_path/Frameworks @loader_path/Frameworks";
				PRODUCT_BUNDLE_IDENTIFIER = com.zoukai.DouYuZBUITests;
				PRODUCT_NAME = "$(TARGET_NAME)";
				SWIFT_VERSION = 3.0;
				TEST_TARGET_NAME = DouYuZB;
			};
			name = Release;
		};
/* End XCBuildConfiguration section */

/* Begin XCConfigurationList section */
		B69CFAC21E8171670038C078 /* Build configuration list for PBXProject "DouYuZB" */ = {
			isa = XCConfigurationList;
			buildConfigurations = (
				B69CFAE21E8171680038C078 /* Debug */,
				B69CFAE31E8171680038C078 /* Release */,
			);
			defaultConfigurationIsVisible = 0;
			defaultConfigurationName = Release;
		};
		B69CFAE41E8171680038C078 /* Build configuration list for PBXNativeTarget "DouYuZB" */ = {
			isa = XCConfigurationList;
			buildConfigurations = (
				B69CFAE51E8171680038C078 /* Debug */,
				B69CFAE61E8171680038C078 /* Release */,
			);
			defaultConfigurationIsVisible = 0;
			defaultConfigurationName = Release;
		};
		B69CFAE71E8171680038C078 /* Build configuration list for PBXNativeTarget "DouYuZBUITests" */ = {
			isa = XCConfigurationList;
			buildConfigurations = (
				B69CFAE81E8171680038C078 /* Debug */,
				B69CFAE91E8171680038C078 /* Release */,
			);
			defaultConfigurationIsVisible = 0;
			defaultConfigurationName = Release;
		};
/* End XCConfigurationList section */
	};
	rootObject = B69CFABF1E8171670038C078 /* Project object */;
}
